
Microsoft Visual Studio Solution File, Format Version 12.00
# Visual Studio Version 17
VisualStudioVersion = 17.11.35327.3
MinimumVisualStudioVersion = 10.0.40219.1
Project("{8BC9CEB8-8B4A-11D0-8D11-00A0C91BC942}") = "SectionCalculator", "SectionCalculator\SectionCalculator.vcxproj", "{8046D051-5838-4FF1-98D7-6A0F8B864BEA}"
EndProject
Project("{8BC9CEB8-8B4A-11D0-8D11-00A0C91BC942}") = "SCTest", "SCTest\SCTest.vcxproj", "{04802CD1-E3D9-4834-A890-6725BDBDB0B5}"
EndProject
Global
	GlobalSection(SolutionConfigurationPlatforms) = preSolution
		Debug|x64 = Debug|x64
		Debug|x86 = Debug|x86
		Release|x64 = Release|x64
		Release|x86 = Release|x86
	EndGlobalSection
	GlobalSection(ProjectConfigurationPlatforms) = postSolution
		{8046D051-5838-4FF1-98D7-6A0F8B864BEA}.Debug|x64.ActiveCfg = Debug|x64
		{8046D051-5838-4FF1-98D7-6A0F8B864BEA}.Debug|x64.Build.0 = Debug|x64
		{8046D051-5838-4FF1-98D7-6A0F8B864BEA}.Debug|x86.ActiveCfg = Debug|Win32
		{8046D051-5838-4FF1-98D7-6A0F8B864BEA}.Debug|x86.Build.0 = Debug|Win32
		{8046D051-5838-4FF1-98D7-6A0F8B864BEA}.Release|x64.ActiveCfg = Release|x64
		{8046D051-5838-4FF1-98D7-6A0F8B864BEA}.Release|x64.Build.0 = Release|x64
		{8046D051-5838-4FF1-98D7-6A0F8B864BEA}.Release|x86.ActiveCfg = Release|Win32
		{8046D051-5838-4FF1-98D7-6A0F8B864BEA}.Release|x86.Build.0 = Release|Win32
		{04802CD1-E3D9-4834-A890-6725BDBDB0B5}.Debug|x64.ActiveCfg = Debug|x64
		{04802CD1-E3D9-4834-A890-6725BDBDB0B5}.Debug|x64.Build.0 = Debug|x64
		{04802CD1-E3D9-4834-A890-6725BDBDB0B5}.Debug|x86.ActiveCfg = Debug|Win32
		{04802CD1-E3D9-4834-A890-6725BDBDB0B5}.Debug|x86.Build.0 = Debug|Win32
		{04802CD1-E3D9-4834-A890-6725BDBDB0B5}.Release|x64.ActiveCfg = Release|x64
		{04802CD1-E3D9-4834-A890-6725BDBDB0B5}.Release|x64.Build.0 = Release|x64
		{04802CD1-E3D9-4834-A890-6725BDBDB0B5}.Release|x86.ActiveCfg = Release|Win32
		{04802CD1-E3D9-4834-A890-6725BDBDB0B5}.Release|x86.Build.0 = Release|Win32
	EndGlobalSection
	GlobalSection(SolutionProperties) = preSolution
		HideSolutionNode = FALSE
	EndGlobalSection
	GlobalSection(ExtensibilityGlobals) = postSolution
		SolutionGuid = {78786569-3490-4914-B340-68ED88B87A15}
	EndGlobalSection
EndGlobal
